// !$*UTF8*$!
{
	archiveVersion = 1;
	classes = {
	};
	objectVersion = 46;
	objects = {

/* Begin PBXBuildFile section */
		2D2B5D0F1CF0F9AF00F801C8 /* AppDelegate.swift in Sources */ = {isa = PBXBuildFile; fileRef = 2D2B5D0E1CF0F9AF00F801C8 /* AppDelegate.swift */; };
		2D2B5D111CF0F9AF00F801C8 /* ViewController.swift in Sources */ = {isa = PBXBuildFile; fileRef = 2D2B5D101CF0F9AF00F801C8 /* ViewController.swift */; };
		2D2B5D141CF0F9AF00F801C8 /* Main.storyboard in Resources */ = {isa = PBXBuildFile; fileRef = 2D2B5D121CF0F9AF00F801C8 /* Main.storyboard */; };
		2D2B5D161CF0F9AF00F801C8 /* Assets.xcassets in Resources */ = {isa = PBXBuildFile; fileRef = 2D2B5D151CF0F9AF00F801C8 /* Assets.xcassets */; };
		2D2B5D191CF0F9AF00F801C8 /* LaunchScreen.storyboard in Resources */ = {isa = PBXBuildFile; fileRef = 2D2B5D171CF0F9AF00F801C8 /* LaunchScreen.storyboard */; };
		2D2B5D241CF0F9B000F801C8 /* FuelBattleTests.swift in Sources */ = {isa = PBXBuildFile; fileRef = 2D2B5D231CF0F9B000F801C8 /* FuelBattleTests.swift */; };
		2D2B5D2F1CF0F9B000F801C8 /* FuelBattleUITests.swift in Sources */ = {isa = PBXBuildFile; fileRef = 2D2B5D2E1CF0F9B000F801C8 /* FuelBattleUITests.swift */; };
/* End PBXBuildFile section */

/* Begin PBXContainerItemProxy section */
		2D2B5D201CF0F9B000F801C8 /* PBXContainerItemProxy */ = {
			isa = PBXContainerItemProxy;
			containerPortal = 2D2B5D031CF0F9AF00F801C8 /* Project object */;
			proxyType = 1;
			remoteGlobalIDString = 2D2B5D0A1CF0F9AF00F801C8;
			remoteInfo = FuelBattle;
		};
		2D2B5D2B1CF0F9B000F801C8 /* PBXContainerItemProxy */ = {
			isa = PBXContainerItemProxy;
			containerPortal = 2D2B5D031CF0F9AF00F801C8 /* Project object */;
			proxyType = 1;
			remoteGlobalIDString = 2D2B5D0A1CF0F9AF00F801C8;
			remoteInfo = FuelBattle;
		};
/* End PBXContainerItemProxy section */

/* Begin PBXFileReference section */
		2D2B5D0B1CF0F9AF00F801C8 /* FuelBattle.app */ = {isa = PBXFileReference; explicitFileType = wrapper.application; includeInIndex = 0; path = FuelBattle.app; sourceTree = BUILT_PRODUCTS_DIR; };
		2D2B5D0E1CF0F9AF00F801C8 /* AppDelegate.swift */ = {isa = PBXFileReference; lastKnownFileType = sourcecode.swift; path = AppDelegate.swift; sourceTree = "<group>"; };
		2D2B5D101CF0F9AF00F801C8 /* ViewController.swift */ = {isa = PBXFileReference; lastKnownFileType = sourcecode.swift; path = ViewController.swift; sourceTree = "<group>"; };
		2D2B5D131CF0F9AF00F801C8 /* Base */ = {isa = PBXFileReference; lastKnownFileType = file.storyboard; name = Base; path = Base.lproj/Main.storyboard; sourceTree = "<group>"; };
		2D2B5D151CF0F9AF00F801C8 /* Assets.xcassets */ = {isa = PBXFileReference; lastKnownFileType = folder.assetcatalog; path = Assets.xcassets; sourceTree = "<group>"; };
		2D2B5D181CF0F9AF00F801C8 /* Base */ = {isa = PBXFileReference; lastKnownFileType = file.storyboard; name = Base; path = Base.lproj/LaunchScreen.storyboard; sourceTree = "<group>"; };
		2D2B5D1A1CF0F9AF00F801C8 /* Info.plist */ = {isa = PBXFileReference; lastKnownFileType = text.plist.xml; path = Info.plist; sourceTree = "<group>"; };
		2D2B5D1F1CF0F9B000F801C8 /* FuelBattleTests.xctest */ = {isa = PBXFileReference; explicitFileType = wrapper.cfbundle; includeInIndex = 0; path = FuelBattleTests.xctest; sourceTree = BUILT_PRODUCTS_DIR; };
		2D2B5D231CF0F9B000F801C8 /* FuelBattleTests.swift */ = {isa = PBXFileReference; lastKnownFileType = sourcecode.swift; path = FuelBattleTests.swift; sourceTree = "<group>"; };
		2D2B5D251CF0F9B000F801C8 /* Info.plist */ = {isa = PBXFileReference; lastKnownFileType = text.plist.xml; path = Info.plist; sourceTree = "<group>"; };
		2D2B5D2A1CF0F9B000F801C8 /* FuelBattleUITests.xctest */ = {isa = PBXFileReference; explicitFileType = wrapper.cfbundle; includeInIndex = 0; path = FuelBattleUITests.xctest; sourceTree = BUILT_PRODUCTS_DIR; };
		2D2B5D2E1CF0F9B000F801C8 /* FuelBattleUITests.swift */ = {isa = PBXFileReference; lastKnownFileType = sourcecode.swift; path = FuelBattleUITests.swift; sourceTree = "<group>"; };
		2D2B5D301CF0F9B000F801C8 /* Info.plist */ = {isa = PBXFileReference; lastKnownFileType = text.plist.xml; path = Info.plist; sourceTree = "<group>"; };
/* End PBXFileReference section */

/* Begin PBXFrameworksBuildPhase section */
		2D2B5D081CF0F9AF00F801C8 /* Frameworks */ = {
			isa = PBXFrameworksBuildPhase;
			buildActionMask = 2147483647;
			files = (
			);
			runOnlyForDeploymentPostprocessing = 0;
		};
		2D2B5D1C1CF0F9B000F801C8 /* Frameworks */ = {
			isa = PBXFrameworksBuildPhase;
			buildActionMask = 2147483647;
			files = (
			);
			runOnlyForDeploymentPostprocessing = 0;
		};
		2D2B5D271CF0F9B000F801C8 /* Frameworks */ = {
			isa = PBXFrameworksBuildPhase;
			buildActionMask = 2147483647;
			files = (
			);
			runOnlyForDeploymentPostprocessing = 0;
		};
/* End PBXFrameworksBuildPhase section */

/* Begin PBXGroup section */
		2D2B5D021CF0F9AF00F801C8 = {
			isa = PBXGroup;
			children = (
				2D2B5D0D1CF0F9AF00F801C8 /* FuelBattle */,
				2D2B5D221CF0F9B000F801C8 /* FuelBattleTests */,
				2D2B5D2D1CF0F9B000F801C8 /* FuelBattleUITests */,
				2D2B5D0C1CF0F9AF00F801C8 /* Products */,
			);
			sourceTree = "<group>";
		};
		2D2B5D0C1CF0F9AF00F801C8 /* Products */ = {
			isa = PBXGroup;
			children = (
				2D2B5D0B1CF0F9AF00F801C8 /* FuelBattle.app */,
				2D2B5D1F1CF0F9B000F801C8 /* FuelBattleTests.xctest */,
				2D2B5D2A1CF0F9B000F801C8 /* FuelBattleUITests.xctest */,
			);
			name = Products;
			sourceTree = "<group>";
		};
		2D2B5D0D1CF0F9AF00F801C8 /* FuelBattle */ = {
			isa = PBXGroup;
			children = (
				2D2B5D0E1CF0F9AF00F801C8 /* AppDelegate.swift */,
				2D2B5D101CF0F9AF00F801C8 /* ViewController.swift */,
				2D2B5D121CF0F9AF00F801C8 /* Main.storyboard */,
				2D2B5D151CF0F9AF00F801C8 /* Assets.xcassets */,
				2D2B5D171CF0F9AF00F801C8 /* LaunchScreen.storyboard */,
				2D2B5D1A1CF0F9AF00F801C8 /* Info.plist */,
			);
			path = FuelBattle;
			sourceTree = "<group>";
		};
		2D2B5D221CF0F9B000F801C8 /* FuelBattleTests */ = {
			isa = PBXGroup;
			children = (
				2D2B5D231CF0F9B000F801C8 /* FuelBattleTests.swift */,
				2D2B5D251CF0F9B000F801C8 /* Info.plist */,
			);
			path = FuelBattleTests;
			sourceTree = "<group>";
		};
		2D2B5D2D1CF0F9B000F801C8 /* FuelBattleUITests */ = {
			isa = PBXGroup;
			children = (
				2D2B5D2E1CF0F9B000F801C8 /* FuelBattleUITests.swift */,
				2D2B5D301CF0F9B000F801C8 /* Info.plist */,
			);
			path = FuelBattleUITests;
			sourceTree = "<group>";
		};
/* End PBXGroup section */

/* Begin PBXNativeTarget section */
		2D2B5D0A1CF0F9AF00F801C8 /* FuelBattle */ = {
			isa = PBXNativeTarget;
			buildConfigurationList = 2D2B5D331CF0F9B000F801C8 /* Build configuration list for PBXNativeTarget "FuelBattle" */;
			buildPhases = (
				2D2B5D071CF0F9AF00F801C8 /* Sources */,
				2D2B5D081CF0F9AF00F801C8 /* Frameworks */,
				2D2B5D091CF0F9AF00F801C8 /* Resources */,
			);
			buildRules = (
			);
			dependencies = (
			);
			name = FuelBattle;
			productName = FuelBattle;
			productReference = 2D2B5D0B1CF0F9AF00F801C8 /* FuelBattle.app */;
			productType = "com.apple.product-type.application";
		};
		2D2B5D1E1CF0F9B000F801C8 /* FuelBattleTests */ = {
			isa = PBXNativeTarget;
			buildConfigurationList = 2D2B5D361CF0F9B000F801C8 /* Build configuration list for PBXNativeTarget "FuelBattleTests" */;
			buildPhases = (
				2D2B5D1B1CF0F9B000F801C8 /* Sources */,
				2D2B5D1C1CF0F9B000F801C8 /* Frameworks */,
				2D2B5D1D1CF0F9B000F801C8 /* Resources */,
			);
			buildRules = (
			);
			dependencies = (
				2D2B5D211CF0F9B000F801C8 /* PBXTargetDependency */,
			);
			name = FuelBattleTests;
			productName = FuelBattleTests;
			productReference = 2D2B5D1F1CF0F9B000F801C8 /* FuelBattleTests.xctest */;
			productType = "com.apple.product-type.bundle.unit-test";
		};
		2D2B5D291CF0F9B000F801C8 /* FuelBattleUITests */ = {
			isa = PBXNativeTarget;
			buildConfigurationList = 2D2B5D391CF0F9B000F801C8 /* Build configuration list for PBXNativeTarget "FuelBattleUITests" */;
			buildPhases = (
				2D2B5D261CF0F9B000F801C8 /* Sources */,
				2D2B5D271CF0F9B000F801C8 /* Frameworks */,
				2D2B5D281CF0F9B000F801C8 /* Resources */,
			);
			buildRules = (
			);
			dependencies = (
				2D2B5D2C1CF0F9B000F801C8 /* PBXTargetDependency */,
			);
			name = FuelBattleUITests;
			productName = FuelBattleUITests;
			productReference = 2D2B5D2A1CF0F9B000F801C8 /* FuelBattleUITests.xctest */;
			productType = "com.apple.product-type.bundle.ui-testing";
		};
/* End PBXNativeTarget section */

/* Begin PBXProject section */
		2D2B5D031CF0F9AF00F801C8 /* Project object */ = {
			isa = PBXProject;
			attributes = {
				LastSwiftUpdateCheck = 0730;
				LastUpgradeCheck = 0730;
				ORGANIZATIONNAME = "Henrique Morbin";
				TargetAttributes = {
					2D2B5D0A1CF0F9AF00F801C8 = {
						CreatedOnToolsVersion = 7.3.1;
					};
					2D2B5D1E1CF0F9B000F801C8 = {
						CreatedOnToolsVersion = 7.3.1;
						TestTargetID = 2D2B5D0A1CF0F9AF00F801C8;
					};
					2D2B5D291CF0F9B000F801C8 = {
						CreatedOnToolsVersion = 7.3.1;
						TestTargetID = 2D2B5D0A1CF0F9AF00F801C8;
					};
				};
			};
			buildConfigurationList = 2D2B5D061CF0F9AF00F801C8 /* Build configuration list for PBXProject "FuelBattle" */;
			compatibilityVersion = "Xcode 3.2";
			developmentRegion = English;
			hasScannedForEncodings = 0;
			knownRegions = (
				en,
				Base,
			);
			mainGroup = 2D2B5D021CF0F9AF00F801C8;
			productRefGroup = 2D2B5D0C1CF0F9AF00F801C8 /* Products */;
			projectDirPath = "";
			projectRoot = "";
			targets = (
				2D2B5D0A1CF0F9AF00F801C8 /* FuelBattle */,
				2D2B5D1E1CF0F9B000F801C8 /* FuelBattleTests */,
				2D2B5D291CF0F9B000F801C8 /* FuelBattleUITests */,
			);
		};
/* End PBXProject section */

/* Begin PBXResourcesBuildPhase section */
		2D2B5D091CF0F9AF00F801C8 /* Resources */ = {
			isa = PBXResourcesBuildPhase;
			buildActionMask = 2147483647;
			files = (
				2D2B5D191CF0F9AF00F801C8 /* LaunchScreen.storyboard in Resources */,
				2D2B5D161CF0F9AF00F801C8 /* Assets.xcassets in Resources */,
				2D2B5D141CF0F9AF00F801C8 /* Main.storyboard in Resources */,
			);
			runOnlyForDeploymentPostprocessing = 0;
		};
		2D2B5D1D1CF0F9B000F801C8 /* Resources */ = {
			isa = PBXResourcesBuildPhase;
			buildActionMask = 2147483647;
			files = (
			);
			runOnlyForDeploymentPostprocessing = 0;
		};
		2D2B5D281CF0F9B000F801C8 /* Resources */ = {
			isa = PBXResourcesBuildPhase;
			buildActionMask = 2147483647;
			files = (
			);
			runOnlyForDeploymentPostprocessing = 0;
		};
/* End PBXResourcesBuildPhase section */

/* Begin PBXSourcesBuildPhase section */
		2D2B5D071CF0F9AF00F801C8 /* Sources */ = {
			isa = PBXSourcesBuildPhase;
			buildActionMask = 2147483647;
			files = (
				2D2B5D111CF0F9AF00F801C8 /* ViewController.swift in Sources */,
				2D2B5D0F1CF0F9AF00F801C8 /* AppDelegate.swift in Sources */,
			);
			runOnlyForDeploymentPostprocessing = 0;
		};
		2D2B5D1B1CF0F9B000F801C8 /* Sources */ = {
			isa = PBXSourcesBuildPhase;
			buildActionMask = 2147483647;
			files = (
				2D2B5D241CF0F9B000F801C8 /* FuelBattleTests.swift in Sources */,
			);
			runOnlyForDeploymentPostprocessing = 0;
		};
		2D2B5D261CF0F9B000F801C8 /* Sources */ = {
			isa = PBXSourcesBuildPhase;
			buildActionMask = 2147483647;
			files = (
				2D2B5D2F1CF0F9B000F801C8 /* FuelBattleUITests.swift in Sources */,
			);
			runOnlyForDeploymentPostprocessing = 0;
		};
/* End PBXSourcesBuildPhase section */

/* Begin PBXTargetDependency section */
		2D2B5D211CF0F9B000F801C8 /* PBXTargetDependency */ = {
			isa = PBXTargetDependency;
			target = 2D2B5D0A1CF0F9AF00F801C8 /* FuelBattle */;
			targetProxy = 2D2B5D201CF0F9B000F801C8 /* PBXContainerItemProxy */;
		};
		2D2B5D2C1CF0F9B000F801C8 /* PBXTargetDependency */ = {
			isa = PBXTargetDependency;
			target = 2D2B5D0A1CF0F9AF00F801C8 /* FuelBattle */;
			targetProxy = 2D2B5D2B1CF0F9B000F801C8 /* PBXContainerItemProxy */;
		};
/* End PBXTargetDependency section */

/* Begin PBXVariantGroup section */
		2D2B5D121CF0F9AF00F801C8 /* Main.storyboard */ = {
			isa = PBXVariantGroup;
			children = (
				2D2B5D131CF0F9AF00F801C8 /* Base */,
			);
			name = Main.storyboard;
			sourceTree = "<group>";
		};
		2D2B5D171CF0F9AF00F801C8 /* LaunchScreen.storyboard */ = {
			isa = PBXVariantGroup;
			children = (
				2D2B5D181CF0F9AF00F801C8 /* Base */,
			);
			name = LaunchScreen.storyboard;
			sourceTree = "<group>";
		};
/* End PBXVariantGroup section */

/* Begin XCBuildConfiguration section */
		2D2B5D311CF0F9B000F801C8 /* Debug */ = {
			isa = XCBuildConfiguration;
			buildSettings = {
				ALWAYS_SEARCH_USER_PATHS = NO;
				CLANG_ANALYZER_NONNULL = YES;
				CLANG_CXX_LANGUAGE_STANDARD = "gnu++0x";
				CLANG_CXX_LIBRARY = "libc++";
				CLANG_ENABLE_MODULES = YES;
				CLANG_ENABLE_OBJC_ARC = YES;
				CLANG_WARN_BOOL_CONVERSION = YES;
				CLANG_WARN_CONSTANT_CONVERSION = YES;
				CLANG_WARN_DIRECT_OBJC_ISA_USAGE = YES_ERROR;
				CLANG_WARN_EMPTY_BODY = YES;
				CLANG_WARN_ENUM_CONVERSION = YES;
				CLANG_WARN_INT_CONVERSION = YES;
				CLANG_WARN_OBJC_ROOT_CLASS = YES_ERROR;
				CLANG_WARN_UNREACHABLE_CODE = YES;
				CLANG_WARN__DUPLICATE_METHOD_MATCH = YES;
				"CODE_SIGN_IDENTITY[sdk=iphoneos*]" = "iPhone Developer";
				COPY_PHASE_STRIP = NO;
				DEBUG_INFORMATION_FORMAT = dwarf;
				ENABLE_STRICT_OBJC_MSGSEND = YES;
				ENABLE_TESTABILITY = YES;
				GCC_C_LANGUAGE_STANDARD = gnu99;
				GCC_DYNAMIC_NO_PIC = NO;
				GCC_NO_COMMON_BLOCKS = YES;
				GCC_OPTIMIZATION_LEVEL = 0;
				GCC_PREPROCESSOR_DEFINITIONS = (
					"DEBUG=1",
					"$(inherited)",
				);
				GCC_WARN_64_TO_32_BIT_CONVERSION = YES;
				GCC_WARN_ABOUT_RETURN_TYPE = YES_ERROR;
				GCC_WARN_UNDECLARED_SELECTOR = YES;
				GCC_WARN_UNINITIALIZED_AUTOS = YES_AGGRESSIVE;
				GCC_WARN_UNUSED_FUNCTION = YES;
				GCC_WARN_UNUSED_VARIABLE = YES;
				IPHONEOS_DEPLOYMENT_TARGET = 9.3;
				MTL_ENABLE_DEBUG_INFO = YES;
				ONLY_ACTIVE_ARCH = YES;
				SDKROOT = iphoneos;
				SWIFT_OPTIMIZATION_LEVEL = "-Onone";
				TARGETED_DEVICE_FAMILY = "1,2";
			};
			name = Debug;
		};
		2D2B5D321CF0F9B000F801C8 /* Release */ = {
			isa = XCBuildConfiguration;
			buildSettings = {
				ALWAYS_SEARCH_USER_PATHS = NO;
				CLANG_ANALYZER_NONNULL = YES;
				CLANG_CXX_LANGUAGE_STANDARD = "gnu++0x";
				CLANG_CXX_LIBRARY = "libc++";
				CLANG_ENABLE_MODULES = YES;
				CLANG_ENABLE_OBJC_ARC = YES;
				CLANG_WARN_BOOL_CONVERSION = YES;
				CLANG_WARN_CONSTANT_CONVERSION = YES;
				CLANG_WARN_DIRECT_OBJC_ISA_USAGE = YES_ERROR;
				CLANG_WARN_EMPTY_BODY = YES;
				CLANG_WARN_ENUM_CONVERSION = YES;
				CLANG_WARN_INT_CONVERSION = YES;
				CLANG_WARN_OBJC_ROOT_CLASS = YES_ERROR;
				CLANG_WARN_UNREACHABLE_CODE = YES;
				CLANG_WARN__DUPLICATE_METHOD_MATCH = YES;
				"CODE_SIGN_IDENTITY[sdk=iphoneos*]" = "iPhone Developer";
				COPY_PHASE_STRIP = NO;
				DEBUG_INFORMATION_FORMAT = "dwarf-with-dsym";
				ENABLE_NS_ASSERTIONS = NO;
				ENABLE_STRICT_OBJC_MSGSEND = YES;
				GCC_C_LANGUAGE_STANDARD = gnu99;
				GCC_NO_COMMON_BLOCKS = YES;
				GCC_WARN_64_TO_32_BIT_CONVERSION = YES;
				GCC_WARN_ABOUT_RETURN_TYPE = YES_ERROR;
				GCC_WARN_UNDECLARED_SELECTOR = YES;
				GCC_WARN_UNINITIALIZED_AUTOS = YES_AGGRESSIVE;
				GCC_WARN_UNUSED_FUNCTION = YES;
				GCC_WARN_UNUSED_VARIABLE = YES;
				IPHONEOS_DEPLOYMENT_TARGET = 9.3;
				MTL_ENABLE_DEBUG_INFO = NO;
				SDKROOT = iphoneos;
				TARGETED_DEVICE_FAMILY = "1,2";
				VALIDATE_PRODUCT = YES;
			};
			name = Release;
		};
		2D2B5D341CF0F9B000F801C8 /* Debug */ = {
			isa = XCBuildConfiguration;
			buildSettings = {
				ASSETCATALOG_COMPILER_APPICON_NAME = AppIcon;
				INFOPLIST_FILE = FuelBattle/Info.plist;
				IPHONEOS_DEPLOYMENT_TARGET = 9.0;
				LD_RUNPATH_SEARCH_PATHS = "$(inherited) @executable_path/Frameworks";
				PRODUCT_BUNDLE_IDENTIFIER = me.cleberhenriques.FuelBattle;
				PRODUCT_NAME = "$(TARGET_NAME)";
			};
			name = Debug;
		};
		2D2B5D351CF0F9B000F801C8 /* Release */ = {
			isa = XCBuildConfiguration;
			buildSettings = {
				ASSETCATALOG_COMPILER_APPICON_NAME = AppIcon;
				INFOPLIST_FILE = FuelBattle/Info.plist;
				IPHONEOS_DEPLOYMENT_TARGET = 9.0;
				LD_RUNPATH_SEARCH_PATHS = "$(inherited) @executable_path/Frameworks";
				PRODUCT_BUNDLE_IDENTIFIER = me.cleberhenriques.FuelBattle;
				PRODUCT_NAME = "$(TARGET_NAME)";
			};
			name = Release;
		};
		2D2B5D371CF0F9B000F801C8 /* Debug */ = {
			isa = XCBuildConfiguration;
			buildSettings = {
				BUNDLE_LOADER = "$(TEST_HOST)";
				INFOPLIST_FILE = FuelBattleTests/Info.plist;
				LD_RUNPATH_SEARCH_PATHS = "$(inherited) @executable_path/Frameworks @loader_path/Frameworks";
				PRODUCT_BUNDLE_IDENTIFIER = me.cleberhenriques.FuelBattleTests;
				PRODUCT_NAME = "$(TARGET_NAME)";
				TEST_HOST = "$(BUILT_PRODUCTS_DIR)/FuelBattle.app/FuelBattle";
			};
			name = Debug;
		};
		2D2B5D381CF0F9B000F801C8 /* Release */ = {
			isa = XCBuildConfiguration;
			buildSettings = {
				BUNDLE_LOADER = "$(TEST_HOST)";
				INFOPLIST_FILE = FuelBattleTests/Info.plist;
				LD_RUNPATH_SEARCH_PATHS = "$(inherited) @executable_path/Frameworks @loader_path/Frameworks";
				PRODUCT_BUNDLE_IDENTIFIER = me.cleberhenriques.FuelBattleTests;
				PRODUCT_NAME = "$(TARGET_NAME)";
				TEST_HOST = "$(BUILT_PRODUCTS_DIR)/FuelBattle.app/FuelBattle";
			};
			name = Release;
		};
		2D2B5D3A1CF0F9B000F801C8 /* Debug */ = {
			isa = XCBuildConfiguration;
			buildSettings = {
				INFOPLIST_FILE = FuelBattleUITests/Info.plist;
				LD_RUNPATH_SEARCH_PATHS = "$(inherited) @executable_path/Frameworks @loader_path/Frameworks";
				PRODUCT_BUNDLE_IDENTIFIER = me.cleberhenriques.FuelBattleUITests;
				PRODUCT_NAME = "$(TARGET_NAME)";
				TEST_TARGET_NAME = FuelBattle;
			};
			name = Debug;
		};
		2D2B5D3B1CF0F9B000F801C8 /* Release */ = {
			isa = XCBuildConfiguration;
			buildSettings = {
				INFOPLIST_FILE = FuelBattleUITests/Info.plist;
				LD_RUNPATH_SEARCH_PATHS = "$(inherited) @executable_path/Frameworks @loader_path/Frameworks";
				PRODUCT_BUNDLE_IDENTIFIER = me.cleberhenriques.FuelBattleUITests;
				PRODUCT_NAME = "$(TARGET_NAME)";
				TEST_TARGET_NAME = FuelBattle;
			};
			name = Release;
		};
/* End XCBuildConfiguration section */

/* Begin XCConfigurationList section */
		2D2B5D061CF0F9AF00F801C8 /* Build configuration list for PBXProject "FuelBattle" */ = {
			isa = XCConfigurationList;
			buildConfigurations = (
				2D2B5D311CF0F9B000F801C8 /* Debug */,
				2D2B5D321CF0F9B000F801C8 /* Release */,
			);
			defaultConfigurationIsVisible = 0;
			defaultConfigurationName = Release;
		};
		2D2B5D331CF0F9B000F801C8 /* Build configuration list for PBXNativeTarget "FuelBattle" */ = {
			isa = XCConfigurationList;
			buildConfigurations = (
				2D2B5D341CF0F9B000F801C8 /* Debug */,
				2D2B5D351CF0F9B000F801C8 /* Release */,
			);
			defaultConfigurationIsVisible = 0;
		};
		2D2B5D361CF0F9B000F801C8 /* Build configuration list for PBXNativeTarget "FuelBattleTests" */ = {
			isa = XCConfigurationList;
			buildConfigurations = (
				2D2B5D371CF0F9B000F801C8 /* Debug */,
				2D2B5D381CF0F9B000F801C8 /* Release */,
			);
			defaultConfigurationIsVisible = 0;
		};
		2D2B5D391CF0F9B000F801C8 /* Build configuration list for PBXNativeTarget "FuelBattleUITests" */ = {
			isa = XCConfigurationList;
			buildConfigurations = (
				2D2B5D3A1CF0F9B000F801C8 /* Debug */,
				2D2B5D3B1CF0F9B000F801C8 /* Release */,
			);
			defaultConfigurationIsVisible = 0;
		};
/* End XCConfigurationList section */
	};
	rootObject = 2D2B5D031CF0F9AF00F801C8 /* Project object */;
}
